
Microsoft Visual Studio Solution File, Format Version 12.00
# Visual Studio Version 16
VisualStudioVersion = 16.0.32126.315
MinimumVisualStudioVersion = 10.0.40219.1
Project("{2150E333-8FDC-42A3-9474-1A3956D46DE8}") = "Services", "Services", "{5C70A611-FB77-4597-9C34-0C50ED1F5658}"
EndProject
Project("{2150E333-8FDC-42A3-9474-1A3956D46DE8}") = "Catalog", "Catalog", "{BD94C503-811E-450D-BCED-1E907FFEB3F1}"
EndProject
Project("{9A19103F-16F7-4668-BE54-9A1E7A4F7556}") = "FreeCourse.Services.Catalog", "Services\Catalog\FreeCourse.Services.Catalog\FreeCourse.Services.Catalog.csproj", "{3A744F05-20B5-494D-8B20-93049B8DF37E}"
EndProject
Project("{2150E333-8FDC-42A3-9474-1A3956D46DE8}") = "SolutionItems", "SolutionItems", "{A4CEA3AE-AC04-4BA3-92BE-7D4121D67BB5}"
	ProjectSection(SolutionItems) = preProject
		Ports.txt = Ports.txt
	EndProjectSection
EndProject
Project("{2150E333-8FDC-42A3-9474-1A3956D46DE8}") = "Shared", "Shared", "{15A14E9C-E80B-46E1-BDD3-4C2DACB8F4E4}"
EndProject
Project("{9A19103F-16F7-4668-BE54-9A1E7A4F7556}") = "FreeCourse.Shared", "Shared\FreeCourse.Shared\FreeCourse.Shared.csproj", "{BA072E8B-11E0-40FF-AF90-729976E62E5D}"
EndProject
Project("{2150E333-8FDC-42A3-9474-1A3956D46DE8}") = "IdentityServer", "IdentityServer", "{2E92EE9C-DD4B-4E0F-9360-34C29D468428}"
EndProject
Project("{9A19103F-16F7-4668-BE54-9A1E7A4F7556}") = "FreeCourse.IdentityServer", "IdentityServer\FreeCourse.IdentityServer\FreeCourse.IdentityServer.csproj", "{F20064B6-14AF-421C-A169-A66F2FD56EB1}"
EndProject
Project("{2150E333-8FDC-42A3-9474-1A3956D46DE8}") = "PhotoStock", "PhotoStock", "{76D0737A-2508-4E91-B703-F9BC11847A51}"
EndProject
Project("{9A19103F-16F7-4668-BE54-9A1E7A4F7556}") = "FreeCourse.PhotoStock", "Services\PhotoStock\FreeCourse.PhotoStock\FreeCourse.PhotoStock.csproj", "{2B96EE9A-5B8F-40B9-8E40-A482360098CA}"
EndProject
Project("{2150E333-8FDC-42A3-9474-1A3956D46DE8}") = "Basket", "Basket", "{E8E8D9B0-2FA2-4AB5-BADB-8FB531FB2E1C}"
EndProject
Project("{9A19103F-16F7-4668-BE54-9A1E7A4F7556}") = "FreeCourse.Services.Basket", "Services\Basket\FreeCourse.Services.Basket\FreeCourse.Services.Basket.csproj", "{3F60CE31-3A6F-473E-8382-428431428A32}"
EndProject
Project("{2150E333-8FDC-42A3-9474-1A3956D46DE8}") = "Discount", "Discount", "{48A95AB7-0A38-491C-9BA6-13D22F50510D}"
EndProject
Project("{9A19103F-16F7-4668-BE54-9A1E7A4F7556}") = "FreeCourse.Discount", "Services\Discount\FreeCourse.Discount\FreeCourse.Discount.csproj", "{468D32AF-2978-4C35-93C1-F3FEA4A7ED74}"
EndProject
Project("{2150E333-8FDC-42A3-9474-1A3956D46DE8}") = "Order", "Order", "{F15CE265-4653-439E-808F-0B0BB2955207}"
EndProject
Project("{9A19103F-16F7-4668-BE54-9A1E7A4F7556}") = "FreeCourse.Services.Order.API", "Services\Order\FreeCourse.Services.Order.API\FreeCourse.Services.Order.API.csproj", "{C6B4608D-B5E1-4CFB-B1FF-B3ADF41D25B7}"
EndProject
Project("{9A19103F-16F7-4668-BE54-9A1E7A4F7556}") = "FreeCourse.Services.Order.Application", "Services\Order\FreeCourse.Services.Order.Application\FreeCourse.Services.Order.Application.csproj", "{55A94773-9FC7-4EF8-994B-C3CDBEF07F6B}"
EndProject
Project("{9A19103F-16F7-4668-BE54-9A1E7A4F7556}") = "FreeCourse.Services.Order.Domain", "Services\Order\FreeCourse.Services.Order.Domain\FreeCourse.Services.Order.Domain.csproj", "{51917762-BE13-48ED-9454-7646AE3A2748}"
EndProject
Project("{9A19103F-16F7-4668-BE54-9A1E7A4F7556}") = "FreeCourse.Services.Order.Domain.Core", "Services\Order\FreeCourse.Services.Order.Domain.Core\FreeCourse.Services.Order.Domain.Core.csproj", "{EB7DBC4C-0CC3-49A5-B063-24FFC4044B02}"
EndProject
Project("{9A19103F-16F7-4668-BE54-9A1E7A4F7556}") = "FreeCourse.Services.Order.Infrastructure", "Services\Order\FreeCourse.Services.Order.Infrastructure\FreeCourse.Services.Order.Infrastructure.csproj", "{672D4719-6DAE-4865-B80E-E1ADECDE3ED5}"
EndProject
Project("{2150E333-8FDC-42A3-9474-1A3956D46DE8}") = "FakePayment", "FakePayment", "{48C40C87-6A9B-4E21-987D-046FADE44C72}"
EndProject
Project("{9A19103F-16F7-4668-BE54-9A1E7A4F7556}") = "FreeCourse.FakePayment", "Services\FakePayment\FreeCourse.FakePayment\FreeCourse.FakePayment.csproj", "{AEF86315-1324-4F25-BADC-1016DB280BE9}"
EndProject
Project("{2150E333-8FDC-42A3-9474-1A3956D46DE8}") = "Gateways", "Gateways", "{BFAD938C-ADAA-4285-9323-C2968269B58A}"
EndProject
Project("{9A19103F-16F7-4668-BE54-9A1E7A4F7556}") = "FreeCourse.Gateway", "Gateways\FreeCourse.Gateway\FreeCourse.Gateway.csproj", "{3301AD63-DFEA-4DC2-975E-4379A2761A3E}"
EndProject
Project("{2150E333-8FDC-42A3-9474-1A3956D46DE8}") = "Backends", "Backends", "{1AB7FCD5-3AE3-46EF-A64C-0690A83675BA}"
EndProject
Project("{FAE04EC0-301F-11D3-BF4B-00C04F79EFBC}") = "FreeCourse.Web", "Backends\FreeCourse.Web\FreeCourse.Web.csproj", "{5D8F1831-A524-4995-BCCA-06E9EF62DB96}"
EndProject
Global
	GlobalSection(SolutionConfigurationPlatforms) = preSolution
		Debug|Any CPU = Debug|Any CPU
		Release|Any CPU = Release|Any CPU
	EndGlobalSection
	GlobalSection(ProjectConfigurationPlatforms) = postSolution
		{3A744F05-20B5-494D-8B20-93049B8DF37E}.Debug|Any CPU.ActiveCfg = Debug|Any CPU
		{3A744F05-20B5-494D-8B20-93049B8DF37E}.Debug|Any CPU.Build.0 = Debug|Any CPU
		{3A744F05-20B5-494D-8B20-93049B8DF37E}.Release|Any CPU.ActiveCfg = Release|Any CPU
		{3A744F05-20B5-494D-8B20-93049B8DF37E}.Release|Any CPU.Build.0 = Release|Any CPU
		{BA072E8B-11E0-40FF-AF90-729976E62E5D}.Debug|Any CPU.ActiveCfg = Debug|Any CPU
		{BA072E8B-11E0-40FF-AF90-729976E62E5D}.Debug|Any CPU.Build.0 = Debug|Any CPU
		{BA072E8B-11E0-40FF-AF90-729976E62E5D}.Release|Any CPU.ActiveCfg = Release|Any CPU
		{BA072E8B-11E0-40FF-AF90-729976E62E5D}.Release|Any CPU.Build.0 = Release|Any CPU
		{F20064B6-14AF-421C-A169-A66F2FD56EB1}.Debug|Any CPU.ActiveCfg = Debug|Any CPU
		{F20064B6-14AF-421C-A169-A66F2FD56EB1}.Debug|Any CPU.Build.0 = Debug|Any CPU
		{F20064B6-14AF-421C-A169-A66F2FD56EB1}.Release|Any CPU.ActiveCfg = Release|Any CPU
		{F20064B6-14AF-421C-A169-A66F2FD56EB1}.Release|Any CPU.Build.0 = Release|Any CPU
		{2B96EE9A-5B8F-40B9-8E40-A482360098CA}.Debug|Any CPU.ActiveCfg = Debug|Any CPU
		{2B96EE9A-5B8F-40B9-8E40-A482360098CA}.Debug|Any CPU.Build.0 = Debug|Any CPU
		{2B96EE9A-5B8F-40B9-8E40-A482360098CA}.Release|Any CPU.ActiveCfg = Release|Any CPU
		{2B96EE9A-5B8F-40B9-8E40-A482360098CA}.Release|Any CPU.Build.0 = Release|Any CPU
		{3F60CE31-3A6F-473E-8382-428431428A32}.Debug|Any CPU.ActiveCfg = Debug|Any CPU
		{3F60CE31-3A6F-473E-8382-428431428A32}.Debug|Any CPU.Build.0 = Debug|Any CPU
		{3F60CE31-3A6F-473E-8382-428431428A32}.Release|Any CPU.ActiveCfg = Release|Any CPU
		{3F60CE31-3A6F-473E-8382-428431428A32}.Release|Any CPU.Build.0 = Release|Any CPU
		{468D32AF-2978-4C35-93C1-F3FEA4A7ED74}.Debug|Any CPU.ActiveCfg = Debug|Any CPU
		{468D32AF-2978-4C35-93C1-F3FEA4A7ED74}.Debug|Any CPU.Build.0 = Debug|Any CPU
		{468D32AF-2978-4C35-93C1-F3FEA4A7ED74}.Release|Any CPU.ActiveCfg = Release|Any CPU
		{468D32AF-2978-4C35-93C1-F3FEA4A7ED74}.Release|Any CPU.Build.0 = Release|Any CPU
		{C6B4608D-B5E1-4CFB-B1FF-B3ADF41D25B7}.Debug|Any CPU.ActiveCfg = Debug|Any CPU
		{C6B4608D-B5E1-4CFB-B1FF-B3ADF41D25B7}.Debug|Any CPU.Build.0 = Debug|Any CPU
		{C6B4608D-B5E1-4CFB-B1FF-B3ADF41D25B7}.Release|Any CPU.ActiveCfg = Release|Any CPU
		{C6B4608D-B5E1-4CFB-B1FF-B3ADF41D25B7}.Release|Any CPU.Build.0 = Release|Any CPU
		{55A94773-9FC7-4EF8-994B-C3CDBEF07F6B}.Debug|Any CPU.ActiveCfg = Debug|Any CPU
		{55A94773-9FC7-4EF8-994B-C3CDBEF07F6B}.Debug|Any CPU.Build.0 = Debug|Any CPU
		{55A94773-9FC7-4EF8-994B-C3CDBEF07F6B}.Release|Any CPU.ActiveCfg = Release|Any CPU
		{55A94773-9FC7-4EF8-994B-C3CDBEF07F6B}.Release|Any CPU.Build.0 = Release|Any CPU
		{51917762-BE13-48ED-9454-7646AE3A2748}.Debug|Any CPU.ActiveCfg = Debug|Any CPU
		{51917762-BE13-48ED-9454-7646AE3A2748}.Debug|Any CPU.Build.0 = Debug|Any CPU
		{51917762-BE13-48ED-9454-7646AE3A2748}.Release|Any CPU.ActiveCfg = Release|Any CPU
		{51917762-BE13-48ED-9454-7646AE3A2748}.Release|Any CPU.Build.0 = Release|Any CPU
		{EB7DBC4C-0CC3-49A5-B063-24FFC4044B02}.Debug|Any CPU.ActiveCfg = Debug|Any CPU
		{EB7DBC4C-0CC3-49A5-B063-24FFC4044B02}.Debug|Any CPU.Build.0 = Debug|Any CPU
		{EB7DBC4C-0CC3-49A5-B063-24FFC4044B02}.Release|Any CPU.ActiveCfg = Release|Any CPU
		{EB7DBC4C-0CC3-49A5-B063-24FFC4044B02}.Release|Any CPU.Build.0 = Release|Any CPU
		{672D4719-6DAE-4865-B80E-E1ADECDE3ED5}.Debug|Any CPU.ActiveCfg = Debug|Any CPU
		{672D4719-6DAE-4865-B80E-E1ADECDE3ED5}.Debug|Any CPU.Build.0 = Debug|Any CPU
		{672D4719-6DAE-4865-B80E-E1ADECDE3ED5}.Release|Any CPU.ActiveCfg = Release|Any CPU
		{672D4719-6DAE-4865-B80E-E1ADECDE3ED5}.Release|Any CPU.Build.0 = Release|Any CPU
		{AEF86315-1324-4F25-BADC-1016DB280BE9}.Debug|Any CPU.ActiveCfg = Debug|Any CPU
		{AEF86315-1324-4F25-BADC-1016DB280BE9}.Debug|Any CPU.Build.0 = Debug|Any CPU
		{AEF86315-1324-4F25-BADC-1016DB280BE9}.Release|Any CPU.ActiveCfg = Release|Any CPU
		{AEF86315-1324-4F25-BADC-1016DB280BE9}.Release|Any CPU.Build.0 = Release|Any CPU
		{3301AD63-DFEA-4DC2-975E-4379A2761A3E}.Debug|Any CPU.ActiveCfg = Debug|Any CPU
		{3301AD63-DFEA-4DC2-975E-4379A2761A3E}.Debug|Any CPU.Build.0 = Debug|Any CPU
		{3301AD63-DFEA-4DC2-975E-4379A2761A3E}.Release|Any CPU.ActiveCfg = Release|Any CPU
		{3301AD63-DFEA-4DC2-975E-4379A2761A3E}.Release|Any CPU.Build.0 = Release|Any CPU
		{5D8F1831-A524-4995-BCCA-06E9EF62DB96}.Debug|Any CPU.ActiveCfg = Debug|Any CPU
		{5D8F1831-A524-4995-BCCA-06E9EF62DB96}.Debug|Any CPU.Build.0 = Debug|Any CPU
		{5D8F1831-A524-4995-BCCA-06E9EF62DB96}.Release|Any CPU.ActiveCfg = Release|Any CPU
		{5D8F1831-A524-4995-BCCA-06E9EF62DB96}.Release|Any CPU.Build.0 = Release|Any CPU
	EndGlobalSection
	GlobalSection(SolutionProperties) = preSolution
		HideSolutionNode = FALSE
	EndGlobalSection
	GlobalSection(NestedProjects) = preSolution
		{BD94C503-811E-450D-BCED-1E907FFEB3F1} = {5C70A611-FB77-4597-9C34-0C50ED1F5658}
		{3A744F05-20B5-494D-8B20-93049B8DF37E} = {BD94C503-811E-450D-BCED-1E907FFEB3F1}
		{BA072E8B-11E0-40FF-AF90-729976E62E5D} = {15A14E9C-E80B-46E1-BDD3-4C2DACB8F4E4}
		{F20064B6-14AF-421C-A169-A66F2FD56EB1} = {2E92EE9C-DD4B-4E0F-9360-34C29D468428}
		{76D0737A-2508-4E91-B703-F9BC11847A51} = {5C70A611-FB77-4597-9C34-0C50ED1F5658}
		{2B96EE9A-5B8F-40B9-8E40-A482360098CA} = {76D0737A-2508-4E91-B703-F9BC11847A51}
		{E8E8D9B0-2FA2-4AB5-BADB-8FB531FB2E1C} = {5C70A611-FB77-4597-9C34-0C50ED1F5658}
		{3F60CE31-3A6F-473E-8382-428431428A32} = {E8E8D9B0-2FA2-4AB5-BADB-8FB531FB2E1C}
		{48A95AB7-0A38-491C-9BA6-13D22F50510D} = {5C70A611-FB77-4597-9C34-0C50ED1F5658}
		{468D32AF-2978-4C35-93C1-F3FEA4A7ED74} = {48A95AB7-0A38-491C-9BA6-13D22F50510D}
		{F15CE265-4653-439E-808F-0B0BB2955207} = {5C70A611-FB77-4597-9C34-0C50ED1F5658}
		{C6B4608D-B5E1-4CFB-B1FF-B3ADF41D25B7} = {F15CE265-4653-439E-808F-0B0BB2955207}
		{55A94773-9FC7-4EF8-994B-C3CDBEF07F6B} = {F15CE265-4653-439E-808F-0B0BB2955207}
		{51917762-BE13-48ED-9454-7646AE3A2748} = {F15CE265-4653-439E-808F-0B0BB2955207}
		{EB7DBC4C-0CC3-49A5-B063-24FFC4044B02} = {F15CE265-4653-439E-808F-0B0BB2955207}
		{672D4719-6DAE-4865-B80E-E1ADECDE3ED5} = {F15CE265-4653-439E-808F-0B0BB2955207}
		{48C40C87-6A9B-4E21-987D-046FADE44C72} = {5C70A611-FB77-4597-9C34-0C50ED1F5658}
		{AEF86315-1324-4F25-BADC-1016DB280BE9} = {48C40C87-6A9B-4E21-987D-046FADE44C72}
		{3301AD63-DFEA-4DC2-975E-4379A2761A3E} = {BFAD938C-ADAA-4285-9323-C2968269B58A}
		{5D8F1831-A524-4995-BCCA-06E9EF62DB96} = {1AB7FCD5-3AE3-46EF-A64C-0690A83675BA}
	EndGlobalSection
	GlobalSection(ExtensibilityGlobals) = postSolution
		SolutionGuid = {9B34698F-91DA-4A44-BAFF-0952E35989EA}
	EndGlobalSection
EndGlobal
